
Microsoft Visual Studio Solution File, Format Version 12.00
# Visual Studio Version 17
VisualStudioVersion = 17.14.36705.20 d17.14
MinimumVisualStudioVersion = 10.0.40219.1
Project("{FAE04EC0-301F-11D3-BF4B-00C04F79EFBC}") = "OceanVMSClient", "OceanVMSClient\OceanVMSClient.csproj", "{92AE7E4C-37F6-4133-B447-4800C4A0D4BF}"
EndProject
Project("{FAE04EC0-301F-11D3-BF4B-00C04F79EFBC}") = "Entities", "..\..\OceanAPI\Entities\Entities.csproj", "{53E89ACB-B01A-D56E-CA20-A720B1B4A8EE}"
EndProject
Project("{FAE04EC0-301F-11D3-BF4B-00C04F79EFBC}") = "Shared", "..\..\OceanAPI\Shared\Shared.csproj", "{6FBFC3BA-CCA2-6A98-EA52-91AA92A6AE22}"
EndProject
Global
	GlobalSection(SolutionConfigurationPlatforms) = preSolution
		Debug|Any CPU = Debug|Any CPU
		Release|Any CPU = Release|Any CPU
	EndGlobalSection
	GlobalSection(ProjectConfigurationPlatforms) = postSolution
		{92AE7E4C-37F6-4133-B447-4800C4A0D4BF}.Debug|Any CPU.ActiveCfg = Debug|Any CPU
		{92AE7E4C-37F6-4133-B447-4800C4A0D4BF}.Debug|Any CPU.Build.0 = Debug|Any CPU
		{92AE7E4C-37F6-4133-B447-4800C4A0D4BF}.Release|Any CPU.ActiveCfg = Release|Any CPU
		{92AE7E4C-37F6-4133-B447-4800C4A0D4BF}.Release|Any CPU.Build.0 = Release|Any CPU
		{53E89ACB-B01A-D56E-CA20-A720B1B4A8EE}.Debug|Any CPU.ActiveCfg = Debug|Any CPU
		{53E89ACB-B01A-D56E-CA20-A720B1B4A8EE}.Debug|Any CPU.Build.0 = Debug|Any CPU
		{53E89ACB-B01A-D56E-CA20-A720B1B4A8EE}.Release|Any CPU.ActiveCfg = Release|Any CPU
		{53E89ACB-B01A-D56E-CA20-A720B1B4A8EE}.Release|Any CPU.Build.0 = Release|Any CPU
		{6FBFC3BA-CCA2-6A98-EA52-91AA92A6AE22}.Debug|Any CPU.ActiveCfg = Debug|Any CPU
		{6FBFC3BA-CCA2-6A98-EA52-91AA92A6AE22}.Debug|Any CPU.Build.0 = Debug|Any CPU
		{6FBFC3BA-CCA2-6A98-EA52-91AA92A6AE22}.Release|Any CPU.ActiveCfg = Release|Any CPU
		{6FBFC3BA-CCA2-6A98-EA52-91AA92A6AE22}.Release|Any CPU.Build.0 = Release|Any CPU
	EndGlobalSection
	GlobalSection(SolutionProperties) = preSolution
		HideSolutionNode = FALSE
	EndGlobalSection
	GlobalSection(ExtensibilityGlobals) = postSolution
		SolutionGuid = {414F3C60-739D-4AB3-908F-2DA353BDE24A}
	EndGlobalSection
EndGlobal
